
Microsoft Visual Studio Solution File, Format Version 12.00
# Visual Studio Version 17
VisualStudioVersion = 17.11.35222.181
MinimumVisualStudioVersion = 10.0.40219.1
Project("{F184B08F-C81C-45F6-A57F-5ABD9991F28F}") = "pokemon-search-app", "pokemon-search-app.vbproj", "{52869152-0881-4C2A-B99A-119351F1B527}"
EndProject
Project("{2150E333-8FDC-42A3-9474-1A3956D46DE8}") = "Solution Items", "Solution Items", "{B172FDD8-FC68-44E0-BC36-B100189EAFB5}"
	ProjectSection(SolutionItems) = preProject
		index.html = index.html
		script.js = script.js
		styles.css = styles.css
	EndProjectSection
EndProject
Global
	GlobalSection(SolutionConfigurationPlatforms) = preSolution
		Debug|Any CPU = Debug|Any CPU
		Release|Any CPU = Release|Any CPU
	EndGlobalSection
	GlobalSection(ProjectConfigurationPlatforms) = postSolution
		{52869152-0881-4C2A-B99A-119351F1B527}.Debug|Any CPU.ActiveCfg = Debug|Any CPU
		{52869152-0881-4C2A-B99A-119351F1B527}.Debug|Any CPU.Build.0 = Debug|Any CPU
		{52869152-0881-4C2A-B99A-119351F1B527}.Release|Any CPU.ActiveCfg = Release|Any CPU
		{52869152-0881-4C2A-B99A-119351F1B527}.Release|Any CPU.Build.0 = Release|Any CPU
	EndGlobalSection
	GlobalSection(SolutionProperties) = preSolution
		HideSolutionNode = FALSE
	EndGlobalSection
	GlobalSection(ExtensibilityGlobals) = postSolution
		SolutionGuid = {A13A6BCD-A3B7-4494-972E-680EA69E2AB6}
	EndGlobalSection
EndGlobal
